// !$*UTF8*$!
{
	archiveVersion = 1;
	classes = {
	};
	objectVersion = 46;
	objects = {

/* Begin PBXBuildFile section */
		4BBE027B779C68834FCB34D8 /* libPods-weChat.a in Frameworks */ = {isa = PBXBuildFile; fileRef = DB385BF373E265DA7D1E58F5 /* libPods-weChat.a */; };
		A61457501BD74C8A002BFDEA /* MYMoreMenu.m in Sources */ = {isa = PBXBuildFile; fileRef = A614574F1BD74C8A002BFDEA /* MYMoreMenu.m */; };
		A61457531BD75C75002BFDEA /* MoreFunctionTableViewController.m in Sources */ = {isa = PBXBuildFile; fileRef = A61457521BD75C75002BFDEA /* MoreFunctionTableViewController.m */; };
		A61457561BD778D7002BFDEA /* MoreMenuTableViewCell.m in Sources */ = {isa = PBXBuildFile; fileRef = A61457551BD778D7002BFDEA /* MoreMenuTableViewCell.m */; };
		A618DDED1BD86A5F00400218 /* MYTabBar.m in Sources */ = {isa = PBXBuildFile; fileRef = A618DDEC1BD86A5F00400218 /* MYTabBar.m */; };
		A61BD71D1BD61FFB00D4FD96 /* UIView+Extension.m in Sources */ = {isa = PBXBuildFile; fileRef = A61BD71C1BD61FFB00D4FD96 /* UIView+Extension.m */; };
		A61BD7201BD649F500D4FD96 /* MYNavigationController.m in Sources */ = {isa = PBXBuildFile; fileRef = A61BD71F1BD649F500D4FD96 /* MYNavigationController.m */; };
		A61BD7341BD650F700D4FD96 /* MYTool.m in Sources */ = {isa = PBXBuildFile; fileRef = A61BD7331BD650F700D4FD96 /* MYTool.m */; };
		A61BD73F1BD6583400D4FD96 /* UIBarButtonItem+Extension.m in Sources */ = {isa = PBXBuildFile; fileRef = A61BD73E1BD6583400D4FD96 /* UIBarButtonItem+Extension.m */; };
		A631A5341D61E82900803D84 /* MSPPaopaoView.m in Sources */ = {isa = PBXBuildFile; fileRef = A631A5331D61E82900803D84 /* MSPPaopaoView.m */; };
		A65469181B6D2AFD000C344E /* groupChatViewController.m in Sources */ = {isa = PBXBuildFile; fileRef = A65469171B6D2AFD000C344E /* groupChatViewController.m */; };
		A654691B1B6D2F5A000C344E /* tagViewController.m in Sources */ = {isa = PBXBuildFile; fileRef = A654691A1B6D2F5A000C344E /* tagViewController.m */; };
		A65635B61D59ADAB0078F656 /* UITextView+MYTextView.m in Sources */ = {isa = PBXBuildFile; fileRef = A65635B51D59ADAB0078F656 /* UITextView+MYTextView.m */; };
		A65F58181B779D8500804531 /* ChineseString.m in Sources */ = {isa = PBXBuildFile; fileRef = A65F58171B779D8500804531 /* ChineseString.m */; };
		A65F581A1B779D8F00804531 /* pinyin.c in Sources */ = {isa = PBXBuildFile; fileRef = A65F58191B779D8F00804531 /* pinyin.c */; };
		A67A02421D5479C900E65107 /* MSPPersonalInfomationVC.m in Sources */ = {isa = PBXBuildFile; fileRef = A67A02411D5479C900E65107 /* MSPPersonalInfomationVC.m */; };
		A67A02451D547A1700E65107 /* MSPPersonalInformationModel.m in Sources */ = {isa = PBXBuildFile; fileRef = A67A02441D547A1700E65107 /* MSPPersonalInformationModel.m */; };
		A67A02481D547A6900E65107 /* MSPPersonalInformationCell.m in Sources */ = {isa = PBXBuildFile; fileRef = A67A02471D547A6900E65107 /* MSPPersonalInformationCell.m */; };
		A67A024B1D547B0900E65107 /* MSPMineVC.m in Sources */ = {isa = PBXBuildFile; fileRef = A67A024A1D547B0900E65107 /* MSPMineVC.m */; };
		A67A024E1D547D0800E65107 /* MSPRegionSelectVC.m in Sources */ = {isa = PBXBuildFile; fileRef = A67A024D1D547D0800E65107 /* MSPRegionSelectVC.m */; };
		A67A02511D547F4C00E65107 /* MSPRegionSelectCell.m in Sources */ = {isa = PBXBuildFile; fileRef = A67A02501D547F4C00E65107 /* MSPRegionSelectCell.m */; };
		A67A02541D54800900E65107 /* MSPAvatorVC.m in Sources */ = {isa = PBXBuildFile; fileRef = A67A02531D54800900E65107 /* MSPAvatorVC.m */; };
		A67C632B1BE48BAB00E42769 /* UIImage+Extension.m in Sources */ = {isa = PBXBuildFile; fileRef = A67C632A1BE48BAB00E42769 /* UIImage+Extension.m */; };
		A689C8DD1D5F956A00A6AB48 /* MSPVoiceMessageProgressView.m in Sources */ = {isa = PBXBuildFile; fileRef = A689C8DC1D5F956A00A6AB48 /* MSPVoiceMessageProgressView.m */; };
		A68D97F71B64CA3F0008D926 /* main.m in Sources */ = {isa = PBXBuildFile; fileRef = A68D97F61B64CA3F0008D926 /* main.m */; };
		A68D97FA1B64CA3F0008D926 /* AppDelegate.m in Sources */ = {isa = PBXBuildFile; fileRef = A68D97F91B64CA3F0008D926 /* AppDelegate.m */; };
		A68D98021B64CA3F0008D926 /* Images.xcassets in Resources */ = {isa = PBXBuildFile; fileRef = A68D98011B64CA3F0008D926 /* Images.xcassets */; };
		A69624B01D5879DF00A38889 /* MSPChatVC.m in Sources */ = {isa = PBXBuildFile; fileRef = A69624AF1D5879DF00A38889 /* MSPChatVC.m */; };
		A69C060E1D56D98400CD2651 /* MSPContactsInformationCell.m in Sources */ = {isa = PBXBuildFile; fileRef = A69C060D1D56D98400CD2651 /* MSPContactsInformationCell.m */; };
		A69C06111D57155400CD2651 /* MSPBinaryButton.m in Sources */ = {isa = PBXBuildFile; fileRef = A69C06101D57155400CD2651 /* MSPBinaryButton.m */; };
		A69C06141D5720AD00CD2651 /* MSPContactsInformationSettingVC.m in Sources */ = {isa = PBXBuildFile; fileRef = A69C06131D5720AD00CD2651 /* MSPContactsInformationSettingVC.m */; };
		A69C06171D57471700CD2651 /* MSPChatListVC.m in Sources */ = {isa = PBXBuildFile; fileRef = A69C06161D57471700CD2651 /* MSPChatListVC.m */; };
		A69C061B1D57498E00CD2651 /* MSPContactChatModel.m in Sources */ = {isa = PBXBuildFile; fileRef = A69C061A1D57498E00CD2651 /* MSPContactChatModel.m */; };
		A69C061E1D575F2100CD2651 /* MSPChatListCell.m in Sources */ = {isa = PBXBuildFile; fileRef = A69C061D1D575F2100CD2651 /* MSPChatListCell.m */; };
		A69C06211D5760A100CD2651 /* NSString+timeSign.m in Sources */ = {isa = PBXBuildFile; fileRef = A69C06201D5760A100CD2651 /* NSString+timeSign.m */; };
		A6C004D21B7349FA001BE561 /* gjqt.jpg in Resources */ = {isa = PBXBuildFile; fileRef = A6C004D11B7349FA001BE561 /* gjqt.jpg */; };
		A6C004D51B7382B4001BE561 /* Mmoments.m in Sources */ = {isa = PBXBuildFile; fileRef = A6C004D41B7382B4001BE561 /* Mmoments.m */; };
		A6C004D81B73852F001BE561 /* Vmoments.m in Sources */ = {isa = PBXBuildFile; fileRef = A6C004D71B73852F001BE561 /* Vmoments.m */; };
		A6C004DB1B7396AA001BE561 /* Cmoments.m in Sources */ = {isa = PBXBuildFile; fileRef = A6C004DA1B7396AA001BE561 /* Cmoments.m */; };
		A6C530BA1B6DB3C30000CB82 /* publicViewController.m in Sources */ = {isa = PBXBuildFile; fileRef = A6C530B91B6DB3C30000CB82 /* publicViewController.m */; };
		A6C530BD1B6DC3210000CB82 /* searchPublicViewController.m in Sources */ = {isa = PBXBuildFile; fileRef = A6C530BC1B6DC3210000CB82 /* searchPublicViewController.m */; };
		A6C530CA1B6E71AD0000CB82 /* moments.plist in Resources */ = {isa = PBXBuildFile; fileRef = A6C530C91B6E71AD0000CB82 /* moments.plist */; };
		A6CB62BC1D55806400136AB1 /* MSPDiscoverVC.m in Sources */ = {isa = PBXBuildFile; fileRef = A6CB62BB1D55806400136AB1 /* MSPDiscoverVC.m */; };
		A6CB62C01D55832400136AB1 /* MSPContactsVC.m in Sources */ = {isa = PBXBuildFile; fileRef = A6CB62BF1D55832400136AB1 /* MSPContactsVC.m */; };
		A6CB62C31D55857900136AB1 /* MSPContactModel.m in Sources */ = {isa = PBXBuildFile; fileRef = A6CB62C21D55857900136AB1 /* MSPContactModel.m */; };
		A6CB62C61D55C57800136AB1 /* MSPContactsCell.m in Sources */ = {isa = PBXBuildFile; fileRef = A6CB62C51D55C57800136AB1 /* MSPContactsCell.m */; };
		A6CB62CD1D55C7E000136AB1 /* UIImage+getImage.m in Sources */ = {isa = PBXBuildFile; fileRef = A6CB62CC1D55C7E000136AB1 /* UIImage+getImage.m */; };
		A6CB62CE1D55CDDB00136AB1 /* libsqlite3.0.tbd in Frameworks */ = {isa = PBXBuildFile; fileRef = A64693931BE5E39500A69DFB /* libsqlite3.0.tbd */; };
		A6CB62CF1D55CDE000136AB1 /* libsqlite3.tbd in Frameworks */ = {isa = PBXBuildFile; fileRef = A64693951BE5E39C00A69DFB /* libsqlite3.tbd */; };
		A6CB62E71D56214E00136AB1 /* MSPContactInformationVC.m in Sources */ = {isa = PBXBuildFile; fileRef = A6CB62E61D56214E00136AB1 /* MSPContactInformationVC.m */; };
		A6E4C6061B65126900A2536E /* MainViewController.m in Sources */ = {isa = PBXBuildFile; fileRef = A6E4C6051B65126900A2536E /* MainViewController.m */; };
		A6F925051D582C0D00940FBF /* MSPInputBar.m in Sources */ = {isa = PBXBuildFile; fileRef = A6F925041D582C0D00940FBF /* MSPInputBar.m */; };
		A6F925081D5833DC00940FBF /* MSPChatModel.m in Sources */ = {isa = PBXBuildFile; fileRef = A6F925071D5833DC00940FBF /* MSPChatModel.m */; };
		A6F9250B1D5834FD00940FBF /* MSPChatCell.m in Sources */ = {isa = PBXBuildFile; fileRef = A6F9250A1D5834FD00940FBF /* MSPChatCell.m */; };
		A6FA51731BCCC6CF00041488 /* AVFoundation.framework in Frameworks */ = {isa = PBXBuildFile; fileRef = A6BDB2551BC94B1A00911985 /* AVFoundation.framework */; };
		A6FA51751BCCC6D600041488 /* MapKit.framework in Frameworks */ = {isa = PBXBuildFile; fileRef = A6FA51741BCCC6D600041488 /* MapKit.framework */; };
		A6FFB54F1BD3DB99007FCB7C /* MFriendsMoments.m in Sources */ = {isa = PBXBuildFile; fileRef = A6FFB54E1BD3DB99007FCB7C /* MFriendsMoments.m */; };
		A6FFB5521BD3DBE5007FCB7C /* VFriendsMoments.m in Sources */ = {isa = PBXBuildFile; fileRef = A6FFB5511BD3DBE5007FCB7C /* VFriendsMoments.m */; };
		A6FFB5551BD3DC26007FCB7C /* CFriendsMoments.m in Sources */ = {isa = PBXBuildFile; fileRef = A6FFB5541BD3DC26007FCB7C /* CFriendsMoments.m */; };
/* End PBXBuildFile section */

/* Begin PBXContainerItemProxy section */
		A68D980B1B64CA3F0008D926 /* PBXContainerItemProxy */ = {
			isa = PBXContainerItemProxy;
			containerPortal = A68D97E91B64CA3F0008D926 /* Project object */;
			proxyType = 1;
			remoteGlobalIDString = A68D97F01B64CA3F0008D926;
			remoteInfo = weChat;
		};
/* End PBXContainerItemProxy section */

/* Begin PBXFileReference section */
		9CE70BF034BB729477546522 /* Pods-weChat.release.xcconfig */ = {isa = PBXFileReference; includeInIndex = 1; lastKnownFileType = text.xcconfig; name = "Pods-weChat.release.xcconfig"; path = "Pods/Target Support Files/Pods-weChat/Pods-weChat.release.xcconfig"; sourceTree = "<group>"; };
		A614574E1BD74C8A002BFDEA /* MYMoreMenu.h */ = {isa = PBXFileReference; fileEncoding = 4; lastKnownFileType = sourcecode.c.h; path = MYMoreMenu.h; sourceTree = "<group>"; };
		A614574F1BD74C8A002BFDEA /* MYMoreMenu.m */ = {isa = PBXFileReference; fileEncoding = 4; lastKnownFileType = sourcecode.c.objc; path = MYMoreMenu.m; sourceTree = "<group>"; };
		A61457511BD75C75002BFDEA /* MoreFunctionTableViewController.h */ = {isa = PBXFileReference; fileEncoding = 4; lastKnownFileType = sourcecode.c.h; path = MoreFunctionTableViewController.h; sourceTree = "<group>"; };
		A61457521BD75C75002BFDEA /* MoreFunctionTableViewController.m */ = {isa = PBXFileReference; fileEncoding = 4; lastKnownFileType = sourcecode.c.objc; path = MoreFunctionTableViewController.m; sourceTree = "<group>"; };
		A61457541BD778D7002BFDEA /* MoreMenuTableViewCell.h */ = {isa = PBXFileReference; fileEncoding = 4; lastKnownFileType = sourcecode.c.h; path = MoreMenuTableViewCell.h; sourceTree = "<group>"; };
		A61457551BD778D7002BFDEA /* MoreMenuTableViewCell.m */ = {isa = PBXFileReference; fileEncoding = 4; lastKnownFileType = sourcecode.c.objc; path = MoreMenuTableViewCell.m; sourceTree = "<group>"; };
		A618DDEB1BD86A5F00400218 /* MYTabBar.h */ = {isa = PBXFileReference; fileEncoding = 4; lastKnownFileType = sourcecode.c.h; path = MYTabBar.h; sourceTree = "<group>"; };
		A618DDEC1BD86A5F00400218 /* MYTabBar.m */ = {isa = PBXFileReference; fileEncoding = 4; lastKnownFileType = sourcecode.c.objc; path = MYTabBar.m; sourceTree = "<group>"; };
		A61BD71B1BD61FFB00D4FD96 /* UIView+Extension.h */ = {isa = PBXFileReference; fileEncoding = 4; lastKnownFileType = sourcecode.c.h; path = "UIView+Extension.h"; sourceTree = "<group>"; };
		A61BD71C1BD61FFB00D4FD96 /* UIView+Extension.m */ = {isa = PBXFileReference; fileEncoding = 4; lastKnownFileType = sourcecode.c.objc; path = "UIView+Extension.m"; sourceTree = "<group>"; };
		A61BD71E1BD649F500D4FD96 /* MYNavigationController.h */ = {isa = PBXFileReference; fileEncoding = 4; lastKnownFileType = sourcecode.c.h; path = MYNavigationController.h; sourceTree = "<group>"; };
		A61BD71F1BD649F500D4FD96 /* MYNavigationController.m */ = {isa = PBXFileReference; fileEncoding = 4; lastKnownFileType = sourcecode.c.objc; path = MYNavigationController.m; sourceTree = "<group>"; };
		A61BD7321BD650F700D4FD96 /* MYTool.h */ = {isa = PBXFileReference; fileEncoding = 4; lastKnownFileType = sourcecode.c.h; path = MYTool.h; sourceTree = "<group>"; };
		A61BD7331BD650F700D4FD96 /* MYTool.m */ = {isa = PBXFileReference; fileEncoding = 4; lastKnownFileType = sourcecode.c.objc; path = MYTool.m; sourceTree = "<group>"; };
		A61BD73D1BD6583400D4FD96 /* UIBarButtonItem+Extension.h */ = {isa = PBXFileReference; fileEncoding = 4; lastKnownFileType = sourcecode.c.h; path = "UIBarButtonItem+Extension.h"; sourceTree = "<group>"; };
		A61BD73E1BD6583400D4FD96 /* UIBarButtonItem+Extension.m */ = {isa = PBXFileReference; fileEncoding = 4; lastKnownFileType = sourcecode.c.objc; path = "UIBarButtonItem+Extension.m"; sourceTree = "<group>"; };
		A631A5321D61E82900803D84 /* MSPPaopaoView.h */ = {isa = PBXFileReference; fileEncoding = 4; lastKnownFileType = sourcecode.c.h; path = MSPPaopaoView.h; sourceTree = "<group>"; };
		A631A5331D61E82900803D84 /* MSPPaopaoView.m */ = {isa = PBXFileReference; fileEncoding = 4; lastKnownFileType = sourcecode.c.objc; path = MSPPaopaoView.m; sourceTree = "<group>"; };
		A64693931BE5E39500A69DFB /* libsqlite3.0.tbd */ = {isa = PBXFileReference; lastKnownFileType = "sourcecode.text-based-dylib-definition"; name = libsqlite3.0.tbd; path = usr/lib/libsqlite3.0.tbd; sourceTree = SDKROOT; };
		A64693951BE5E39C00A69DFB /* libsqlite3.tbd */ = {isa = PBXFileReference; lastKnownFileType = "sourcecode.text-based-dylib-definition"; name = libsqlite3.tbd; path = usr/lib/libsqlite3.tbd; sourceTree = SDKROOT; };
		A65469161B6D2AFD000C344E /* groupChatViewController.h */ = {isa = PBXFileReference; fileEncoding = 4; lastKnownFileType = sourcecode.c.h; path = groupChatViewController.h; sourceTree = "<group>"; };
		A65469171B6D2AFD000C344E /* groupChatViewController.m */ = {isa = PBXFileReference; fileEncoding = 4; lastKnownFileType = sourcecode.c.objc; path = groupChatViewController.m; sourceTree = "<group>"; };
		A65469191B6D2F5A000C344E /* tagViewController.h */ = {isa = PBXFileReference; fileEncoding = 4; lastKnownFileType = sourcecode.c.h; path = tagViewController.h; sourceTree = "<group>"; };
		A654691A1B6D2F5A000C344E /* tagViewController.m */ = {isa = PBXFileReference; fileEncoding = 4; lastKnownFileType = sourcecode.c.objc; path = tagViewController.m; sourceTree = "<group>"; };
		A65635B41D59ADAB0078F656 /* UITextView+MYTextView.h */ = {isa = PBXFileReference; fileEncoding = 4; lastKnownFileType = sourcecode.c.h; path = "UITextView+MYTextView.h"; sourceTree = "<group>"; };
		A65635B51D59ADAB0078F656 /* UITextView+MYTextView.m */ = {isa = PBXFileReference; fileEncoding = 4; lastKnownFileType = sourcecode.c.objc; path = "UITextView+MYTextView.m"; sourceTree = "<group>"; };
		A65F58161B779D8500804531 /* ChineseString.h */ = {isa = PBXFileReference; fileEncoding = 4; lastKnownFileType = sourcecode.c.h; path = ChineseString.h; sourceTree = "<group>"; };
		A65F58171B779D8500804531 /* ChineseString.m */ = {isa = PBXFileReference; fileEncoding = 4; lastKnownFileType = sourcecode.c.objc; path = ChineseString.m; sourceTree = "<group>"; };
		A65F58191B779D8F00804531 /* pinyin.c */ = {isa = PBXFileReference; fileEncoding = 4; lastKnownFileType = sourcecode.c.c; path = pinyin.c; sourceTree = "<group>"; };
		A67A023F1D543D0B00E65107 /* PrefixHeader.pch */ = {isa = PBXFileReference; lastKnownFileType = sourcecode.c.h; path = PrefixHeader.pch; sourceTree = "<group>"; };
		A67A02401D5479C900E65107 /* MSPPersonalInfomationVC.h */ = {isa = PBXFileReference; fileEncoding = 4; lastKnownFileType = sourcecode.c.h; path = MSPPersonalInfomationVC.h; sourceTree = "<group>"; };
		A67A02411D5479C900E65107 /* MSPPersonalInfomationVC.m */ = {isa = PBXFileReference; fileEncoding = 4; lastKnownFileType = sourcecode.c.objc; path = MSPPersonalInfomationVC.m; sourceTree = "<group>"; };
		A67A02431D547A1700E65107 /* MSPPersonalInformationModel.h */ = {isa = PBXFileReference; fileEncoding = 4; lastKnownFileType = sourcecode.c.h; path = MSPPersonalInformationModel.h; sourceTree = "<group>"; };
		A67A02441D547A1700E65107 /* MSPPersonalInformationModel.m */ = {isa = PBXFileReference; fileEncoding = 4; lastKnownFileType = sourcecode.c.objc; path = MSPPersonalInformationModel.m; sourceTree = "<group>"; };
		A67A02461D547A6900E65107 /* MSPPersonalInformationCell.h */ = {isa = PBXFileReference; fileEncoding = 4; lastKnownFileType = sourcecode.c.h; path = MSPPersonalInformationCell.h; sourceTree = "<group>"; };
		A67A02471D547A6900E65107 /* MSPPersonalInformationCell.m */ = {isa = PBXFileReference; fileEncoding = 4; lastKnownFileType = sourcecode.c.objc; path = MSPPersonalInformationCell.m; sourceTree = "<group>"; };
		A67A02491D547B0900E65107 /* MSPMineVC.h */ = {isa = PBXFileReference; fileEncoding = 4; lastKnownFileType = sourcecode.c.h; path = MSPMineVC.h; sourceTree = "<group>"; };
		A67A024A1D547B0900E65107 /* MSPMineVC.m */ = {isa = PBXFileReference; fileEncoding = 4; lastKnownFileType = sourcecode.c.objc; path = MSPMineVC.m; sourceTree = "<group>"; };
		A67A024C1D547D0800E65107 /* MSPRegionSelectVC.h */ = {isa = PBXFileReference; fileEncoding = 4; lastKnownFileType = sourcecode.c.h; path = MSPRegionSelectVC.h; sourceTree = "<group>"; };
		A67A024D1D547D0800E65107 /* MSPRegionSelectVC.m */ = {isa = PBXFileReference; fileEncoding = 4; lastKnownFileType = sourcecode.c.objc; path = MSPRegionSelectVC.m; sourceTree = "<group>"; };
		A67A024F1D547F4C00E65107 /* MSPRegionSelectCell.h */ = {isa = PBXFileReference; fileEncoding = 4; lastKnownFileType = sourcecode.c.h; path = MSPRegionSelectCell.h; sourceTree = "<group>"; };
		A67A02501D547F4C00E65107 /* MSPRegionSelectCell.m */ = {isa = PBXFileReference; fileEncoding = 4; lastKnownFileType = sourcecode.c.objc; path = MSPRegionSelectCell.m; sourceTree = "<group>"; };
		A67A02521D54800900E65107 /* MSPAvatorVC.h */ = {isa = PBXFileReference; fileEncoding = 4; lastKnownFileType = sourcecode.c.h; path = MSPAvatorVC.h; sourceTree = "<group>"; };
		A67A02531D54800900E65107 /* MSPAvatorVC.m */ = {isa = PBXFileReference; fileEncoding = 4; lastKnownFileType = sourcecode.c.objc; path = MSPAvatorVC.m; sourceTree = "<group>"; };
		A67C63291BE48BAB00E42769 /* UIImage+Extension.h */ = {isa = PBXFileReference; fileEncoding = 4; lastKnownFileType = sourcecode.c.h; path = "UIImage+Extension.h"; sourceTree = "<group>"; };
		A67C632A1BE48BAB00E42769 /* UIImage+Extension.m */ = {isa = PBXFileReference; fileEncoding = 4; lastKnownFileType = sourcecode.c.objc; path = "UIImage+Extension.m"; sourceTree = "<group>"; };
		A689C8DB1D5F956A00A6AB48 /* MSPVoiceMessageProgressView.h */ = {isa = PBXFileReference; fileEncoding = 4; lastKnownFileType = sourcecode.c.h; path = MSPVoiceMessageProgressView.h; sourceTree = "<group>"; };
		A689C8DC1D5F956A00A6AB48 /* MSPVoiceMessageProgressView.m */ = {isa = PBXFileReference; fileEncoding = 4; lastKnownFileType = sourcecode.c.objc; path = MSPVoiceMessageProgressView.m; sourceTree = "<group>"; };
		A68D97F11B64CA3F0008D926 /* weChat.app */ = {isa = PBXFileReference; explicitFileType = wrapper.application; includeInIndex = 0; path = weChat.app; sourceTree = BUILT_PRODUCTS_DIR; };
		A68D97F51B64CA3F0008D926 /* Info.plist */ = {isa = PBXFileReference; lastKnownFileType = text.plist.xml; path = Info.plist; sourceTree = "<group>"; };
		A68D97F61B64CA3F0008D926 /* main.m */ = {isa = PBXFileReference; lastKnownFileType = sourcecode.c.objc; path = main.m; sourceTree = "<group>"; };
		A68D97F81B64CA3F0008D926 /* AppDelegate.h */ = {isa = PBXFileReference; lastKnownFileType = sourcecode.c.h; path = AppDelegate.h; sourceTree = "<group>"; };
		A68D97F91B64CA3F0008D926 /* AppDelegate.m */ = {isa = PBXFileReference; lastKnownFileType = sourcecode.c.objc; path = AppDelegate.m; sourceTree = "<group>"; };
		A68D98011B64CA3F0008D926 /* Images.xcassets */ = {isa = PBXFileReference; lastKnownFileType = folder.assetcatalog; path = Images.xcassets; sourceTree = "<group>"; };
		A68D980A1B64CA3F0008D926 /* weChatTests.xctest */ = {isa = PBXFileReference; explicitFileType = wrapper.cfbundle; includeInIndex = 0; path = weChatTests.xctest; sourceTree = BUILT_PRODUCTS_DIR; };
		A68D980F1B64CA3F0008D926 /* Info.plist */ = {isa = PBXFileReference; lastKnownFileType = text.plist.xml; path = Info.plist; sourceTree = "<group>"; };
		A69624AE1D5879DF00A38889 /* MSPChatVC.h */ = {isa = PBXFileReference; fileEncoding = 4; lastKnownFileType = sourcecode.c.h; path = MSPChatVC.h; sourceTree = "<group>"; };
		A69624AF1D5879DF00A38889 /* MSPChatVC.m */ = {isa = PBXFileReference; fileEncoding = 4; lastKnownFileType = sourcecode.c.objc; path = MSPChatVC.m; sourceTree = "<group>"; };
		A69C060C1D56D98400CD2651 /* MSPContactsInformationCell.h */ = {isa = PBXFileReference; fileEncoding = 4; lastKnownFileType = sourcecode.c.h; path = MSPContactsInformationCell.h; sourceTree = "<group>"; };
		A69C060D1D56D98400CD2651 /* MSPContactsInformationCell.m */ = {isa = PBXFileReference; fileEncoding = 4; lastKnownFileType = sourcecode.c.objc; path = MSPContactsInformationCell.m; sourceTree = "<group>"; };
		A69C060F1D57155400CD2651 /* MSPBinaryButton.h */ = {isa = PBXFileReference; fileEncoding = 4; lastKnownFileType = sourcecode.c.h; path = MSPBinaryButton.h; sourceTree = "<group>"; };
		A69C06101D57155400CD2651 /* MSPBinaryButton.m */ = {isa = PBXFileReference; fileEncoding = 4; lastKnownFileType = sourcecode.c.objc; path = MSPBinaryButton.m; sourceTree = "<group>"; };
		A69C06121D5720AD00CD2651 /* MSPContactsInformationSettingVC.h */ = {isa = PBXFileReference; fileEncoding = 4; lastKnownFileType = sourcecode.c.h; path = MSPContactsInformationSettingVC.h; sourceTree = "<group>"; };
		A69C06131D5720AD00CD2651 /* MSPContactsInformationSettingVC.m */ = {isa = PBXFileReference; fileEncoding = 4; lastKnownFileType = sourcecode.c.objc; path = MSPContactsInformationSettingVC.m; sourceTree = "<group>"; };
		A69C06151D57471700CD2651 /* MSPChatListVC.h */ = {isa = PBXFileReference; fileEncoding = 4; lastKnownFileType = sourcecode.c.h; path = MSPChatListVC.h; sourceTree = "<group>"; };
		A69C06161D57471700CD2651 /* MSPChatListVC.m */ = {isa = PBXFileReference; fileEncoding = 4; lastKnownFileType = sourcecode.c.objc; path = MSPChatListVC.m; sourceTree = "<group>"; };
		A69C06191D57498E00CD2651 /* MSPContactChatModel.h */ = {isa = PBXFileReference; fileEncoding = 4; lastKnownFileType = sourcecode.c.h; path = MSPContactChatModel.h; sourceTree = "<group>"; };
		A69C061A1D57498E00CD2651 /* MSPContactChatModel.m */ = {isa = PBXFileReference; fileEncoding = 4; lastKnownFileType = sourcecode.c.objc; path = MSPContactChatModel.m; sourceTree = "<group>"; };
		A69C061C1D575F2100CD2651 /* MSPChatListCell.h */ = {isa = PBXFileReference; fileEncoding = 4; lastKnownFileType = sourcecode.c.h; path = MSPChatListCell.h; sourceTree = "<group>"; };
		A69C061D1D575F2100CD2651 /* MSPChatListCell.m */ = {isa = PBXFileReference; fileEncoding = 4; lastKnownFileType = sourcecode.c.objc; path = MSPChatListCell.m; sourceTree = "<group>"; };
		A69C061F1D5760A100CD2651 /* NSString+timeSign.h */ = {isa = PBXFileReference; fileEncoding = 4; lastKnownFileType = sourcecode.c.h; path = "NSString+timeSign.h"; sourceTree = "<group>"; };
		A69C06201D5760A100CD2651 /* NSString+timeSign.m */ = {isa = PBXFileReference; fileEncoding = 4; lastKnownFileType = sourcecode.c.objc; path = "NSString+timeSign.m"; sourceTree = "<group>"; };
		A6BDB2551BC94B1A00911985 /* AVFoundation.framework */ = {isa = PBXFileReference; lastKnownFileType = wrapper.framework; name = AVFoundation.framework; path = System/Library/Frameworks/AVFoundation.framework; sourceTree = SDKROOT; };
		A6C004D11B7349FA001BE561 /* gjqt.jpg */ = {isa = PBXFileReference; lastKnownFileType = image.jpeg; path = gjqt.jpg; sourceTree = "<group>"; };
		A6C004D31B7382B4001BE561 /* Mmoments.h */ = {isa = PBXFileReference; fileEncoding = 4; lastKnownFileType = sourcecode.c.h; path = Mmoments.h; sourceTree = "<group>"; };
		A6C004D41B7382B4001BE561 /* Mmoments.m */ = {isa = PBXFileReference; fileEncoding = 4; lastKnownFileType = sourcecode.c.objc; path = Mmoments.m; sourceTree = "<group>"; };
		A6C004D61B73852F001BE561 /* Vmoments.h */ = {isa = PBXFileReference; fileEncoding = 4; lastKnownFileType = sourcecode.c.h; path = Vmoments.h; sourceTree = "<group>"; };
		A6C004D71B73852F001BE561 /* Vmoments.m */ = {isa = PBXFileReference; fileEncoding = 4; lastKnownFileType = sourcecode.c.objc; path = Vmoments.m; sourceTree = "<group>"; };
		A6C004D91B7396AA001BE561 /* Cmoments.h */ = {isa = PBXFileReference; fileEncoding = 4; lastKnownFileType = sourcecode.c.h; path = Cmoments.h; sourceTree = "<group>"; };
		A6C004DA1B7396AA001BE561 /* Cmoments.m */ = {isa = PBXFileReference; fileEncoding = 4; lastKnownFileType = sourcecode.c.objc; path = Cmoments.m; sourceTree = "<group>"; };
		A6C530B81B6DB3C30000CB82 /* publicViewController.h */ = {isa = PBXFileReference; fileEncoding = 4; lastKnownFileType = sourcecode.c.h; path = publicViewController.h; sourceTree = "<group>"; };
		A6C530B91B6DB3C30000CB82 /* publicViewController.m */ = {isa = PBXFileReference; fileEncoding = 4; lastKnownFileType = sourcecode.c.objc; path = publicViewController.m; sourceTree = "<group>"; };
		A6C530BB1B6DC3210000CB82 /* searchPublicViewController.h */ = {isa = PBXFileReference; fileEncoding = 4; lastKnownFileType = sourcecode.c.h; path = searchPublicViewController.h; sourceTree = "<group>"; };
		A6C530BC1B6DC3210000CB82 /* searchPublicViewController.m */ = {isa = PBXFileReference; fileEncoding = 4; lastKnownFileType = sourcecode.c.objc; path = searchPublicViewController.m; sourceTree = "<group>"; };
		A6C530C91B6E71AD0000CB82 /* moments.plist */ = {isa = PBXFileReference; fileEncoding = 4; lastKnownFileType = text.plist.xml; path = moments.plist; sourceTree = "<group>"; };
		A6CB62BA1D55806400136AB1 /* MSPDiscoverVC.h */ = {isa = PBXFileReference; fileEncoding = 4; lastKnownFileType = sourcecode.c.h; path = MSPDiscoverVC.h; sourceTree = "<group>"; };
		A6CB62BB1D55806400136AB1 /* MSPDiscoverVC.m */ = {isa = PBXFileReference; fileEncoding = 4; lastKnownFileType = sourcecode.c.objc; path = MSPDiscoverVC.m; sourceTree = "<group>"; };
		A6CB62BE1D55832400136AB1 /* MSPContactsVC.h */ = {isa = PBXFileReference; fileEncoding = 4; lastKnownFileType = sourcecode.c.h; path = MSPContactsVC.h; sourceTree = "<group>"; };
		A6CB62BF1D55832400136AB1 /* MSPContactsVC.m */ = {isa = PBXFileReference; fileEncoding = 4; lastKnownFileType = sourcecode.c.objc; path = MSPContactsVC.m; sourceTree = "<group>"; };
		A6CB62C11D55857900136AB1 /* MSPContactModel.h */ = {isa = PBXFileReference; fileEncoding = 4; lastKnownFileType = sourcecode.c.h; path = MSPContactModel.h; sourceTree = "<group>"; };
		A6CB62C21D55857900136AB1 /* MSPContactModel.m */ = {isa = PBXFileReference; fileEncoding = 4; lastKnownFileType = sourcecode.c.objc; path = MSPContactModel.m; sourceTree = "<group>"; };
		A6CB62C41D55C57800136AB1 /* MSPContactsCell.h */ = {isa = PBXFileReference; fileEncoding = 4; lastKnownFileType = sourcecode.c.h; path = MSPContactsCell.h; sourceTree = "<group>"; };
		A6CB62C51D55C57800136AB1 /* MSPContactsCell.m */ = {isa = PBXFileReference; fileEncoding = 4; lastKnownFileType = sourcecode.c.objc; path = MSPContactsCell.m; sourceTree = "<group>"; };
		A6CB62CB1D55C7E000136AB1 /* UIImage+getImage.h */ = {isa = PBXFileReference; fileEncoding = 4; lastKnownFileType = sourcecode.c.h; path = "UIImage+getImage.h"; sourceTree = "<group>"; };
		A6CB62CC1D55C7E000136AB1 /* UIImage+getImage.m */ = {isa = PBXFileReference; fileEncoding = 4; lastKnownFileType = sourcecode.c.objc; path = "UIImage+getImage.m"; sourceTree = "<group>"; };
		A6CB62E51D56214E00136AB1 /* MSPContactInformationVC.h */ = {isa = PBXFileReference; fileEncoding = 4; lastKnownFileType = sourcecode.c.h; path = MSPContactInformationVC.h; sourceTree = "<group>"; };
		A6CB62E61D56214E00136AB1 /* MSPContactInformationVC.m */ = {isa = PBXFileReference; fileEncoding = 4; lastKnownFileType = sourcecode.c.objc; path = MSPContactInformationVC.m; sourceTree = "<group>"; };
		A6E4C6041B65126900A2536E /* MainViewController.h */ = {isa = PBXFileReference; fileEncoding = 4; lastKnownFileType = sourcecode.c.h; path = MainViewController.h; sourceTree = "<group>"; };
		A6E4C6051B65126900A2536E /* MainViewController.m */ = {isa = PBXFileReference; fileEncoding = 4; lastKnownFileType = sourcecode.c.objc; path = MainViewController.m; sourceTree = "<group>"; };
		A6F925031D582C0D00940FBF /* MSPInputBar.h */ = {isa = PBXFileReference; fileEncoding = 4; lastKnownFileType = sourcecode.c.h; path = MSPInputBar.h; sourceTree = "<group>"; };
		A6F925041D582C0D00940FBF /* MSPInputBar.m */ = {isa = PBXFileReference; fileEncoding = 4; lastKnownFileType = sourcecode.c.objc; path = MSPInputBar.m; sourceTree = "<group>"; };
		A6F925061D5833DC00940FBF /* MSPChatModel.h */ = {isa = PBXFileReference; fileEncoding = 4; lastKnownFileType = sourcecode.c.h; path = MSPChatModel.h; sourceTree = "<group>"; };
		A6F925071D5833DC00940FBF /* MSPChatModel.m */ = {isa = PBXFileReference; fileEncoding = 4; lastKnownFileType = sourcecode.c.objc; path = MSPChatModel.m; sourceTree = "<group>"; };
		A6F925091D5834FD00940FBF /* MSPChatCell.h */ = {isa = PBXFileReference; fileEncoding = 4; lastKnownFileType = sourcecode.c.h; path = MSPChatCell.h; sourceTree = "<group>"; };
		A6F9250A1D5834FD00940FBF /* MSPChatCell.m */ = {isa = PBXFileReference; fileEncoding = 4; lastKnownFileType = sourcecode.c.objc; path = MSPChatCell.m; sourceTree = "<group>"; };
		A6FA51741BCCC6D600041488 /* MapKit.framework */ = {isa = PBXFileReference; lastKnownFileType = wrapper.framework; name = MapKit.framework; path = System/Library/Frameworks/MapKit.framework; sourceTree = SDKROOT; };
		A6FFB54D1BD3DB99007FCB7C /* MFriendsMoments.h */ = {isa = PBXFileReference; fileEncoding = 4; lastKnownFileType = sourcecode.c.h; path = MFriendsMoments.h; sourceTree = "<group>"; };
		A6FFB54E1BD3DB99007FCB7C /* MFriendsMoments.m */ = {isa = PBXFileReference; fileEncoding = 4; lastKnownFileType = sourcecode.c.objc; path = MFriendsMoments.m; sourceTree = "<group>"; };
		A6FFB5501BD3DBE5007FCB7C /* VFriendsMoments.h */ = {isa = PBXFileReference; fileEncoding = 4; lastKnownFileType = sourcecode.c.h; path = VFriendsMoments.h; sourceTree = "<group>"; };
		A6FFB5511BD3DBE5007FCB7C /* VFriendsMoments.m */ = {isa = PBXFileReference; fileEncoding = 4; lastKnownFileType = sourcecode.c.objc; path = VFriendsMoments.m; sourceTree = "<group>"; };
		A6FFB5531BD3DC26007FCB7C /* CFriendsMoments.h */ = {isa = PBXFileReference; fileEncoding = 4; lastKnownFileType = sourcecode.c.h; path = CFriendsMoments.h; sourceTree = "<group>"; };
		A6FFB5541BD3DC26007FCB7C /* CFriendsMoments.m */ = {isa = PBXFileReference; fileEncoding = 4; lastKnownFileType = sourcecode.c.objc; path = CFriendsMoments.m; sourceTree = "<group>"; };
		DB385BF373E265DA7D1E58F5 /* libPods-weChat.a */ = {isa = PBXFileReference; explicitFileType = archive.ar; includeInIndex = 0; path = "libPods-weChat.a"; sourceTree = BUILT_PRODUCTS_DIR; };
		FD52B119B547D72C8A7E8CAF /* Pods-weChat.debug.xcconfig */ = {isa = PBXFileReference; includeInIndex = 1; lastKnownFileType = text.xcconfig; name = "Pods-weChat.debug.xcconfig"; path = "Pods/Target Support Files/Pods-weChat/Pods-weChat.debug.xcconfig"; sourceTree = "<group>"; };
/* End PBXFileReference section */

/* Begin PBXFrameworksBuildPhase section */
		A68D97EE1B64CA3F0008D926 /* Frameworks */ = {
			isa = PBXFrameworksBuildPhase;
			buildActionMask = 2147483647;
			files = (
				A6CB62CF1D55CDE000136AB1 /* libsqlite3.tbd in Frameworks */,
				A6CB62CE1D55CDDB00136AB1 /* libsqlite3.0.tbd in Frameworks */,
				A6FA51751BCCC6D600041488 /* MapKit.framework in Frameworks */,
				A6FA51731BCCC6CF00041488 /* AVFoundation.framework in Frameworks */,
				4BBE027B779C68834FCB34D8 /* libPods-weChat.a in Frameworks */,
			);
			runOnlyForDeploymentPostprocessing = 0;
		};
		A68D98071B64CA3F0008D926 /* Frameworks */ = {
			isa = PBXFrameworksBuildPhase;
			buildActionMask = 2147483647;
			files = (
			);
			runOnlyForDeploymentPostprocessing = 0;
		};
/* End PBXFrameworksBuildPhase section */

/* Begin PBXGroup section */
		431938B7D5F233F927A5318D /* Pods */ = {
			isa = PBXGroup;
			children = (
				FD52B119B547D72C8A7E8CAF /* Pods-weChat.debug.xcconfig */,
				9CE70BF034BB729477546522 /* Pods-weChat.release.xcconfig */,
			);
			name = Pods;
			sourceTree = "<group>";
		};
		A614574D1BD74C56002BFDEA /* Extension */ = {
			isa = PBXGroup;
			children = (
				A61BD71B1BD61FFB00D4FD96 /* UIView+Extension.h */,
				A61BD71C1BD61FFB00D4FD96 /* UIView+Extension.m */,
				A61BD73D1BD6583400D4FD96 /* UIBarButtonItem+Extension.h */,
				A61BD73E1BD6583400D4FD96 /* UIBarButtonItem+Extension.m */,
				A67C63291BE48BAB00E42769 /* UIImage+Extension.h */,
				A67C632A1BE48BAB00E42769 /* UIImage+Extension.m */,
			);
			name = Extension;
			sourceTree = "<group>";
		};
		A61BD7211BD64C0D00D4FD96 /* Main */ = {
			isa = PBXGroup;
			children = (
				A68D97F81B64CA3F0008D926 /* AppDelegate.h */,
				A68D97F91B64CA3F0008D926 /* AppDelegate.m */,
				A61BD71E1BD649F500D4FD96 /* MYNavigationController.h */,
				A61BD71F1BD649F500D4FD96 /* MYNavigationController.m */,
				A6E4C6041B65126900A2536E /* MainViewController.h */,
				A6E4C6051B65126900A2536E /* MainViewController.m */,
				A61BD7321BD650F700D4FD96 /* MYTool.h */,
				A61BD7331BD650F700D4FD96 /* MYTool.m */,
				A614574E1BD74C8A002BFDEA /* MYMoreMenu.h */,
				A614574F1BD74C8A002BFDEA /* MYMoreMenu.m */,
				A61457511BD75C75002BFDEA /* MoreFunctionTableViewController.h */,
				A61457521BD75C75002BFDEA /* MoreFunctionTableViewController.m */,
				A61457541BD778D7002BFDEA /* MoreMenuTableViewCell.h */,
				A61457551BD778D7002BFDEA /* MoreMenuTableViewCell.m */,
				A65F58091B778E9C00804531 /* sortChinese */,
			);
			name = Main;
			sourceTree = "<group>";
		};
		A61BD7241BD64C8400D4FD96 /* discover */ = {
			isa = PBXGroup;
			children = (
				A61BD72E1BD64D1F00D4FD96 /* MODEL */,
				A61BD72D1BD64D1B00D4FD96 /* VIEW */,
				A61BD72C1BD64D1500D4FD96 /* CONTROLLER */,
			);
			name = discover;
			sourceTree = "<group>";
		};
		A61BD72C1BD64D1500D4FD96 /* CONTROLLER */ = {
			isa = PBXGroup;
			children = (
				A6C004D91B7396AA001BE561 /* Cmoments.h */,
				A6C004DA1B7396AA001BE561 /* Cmoments.m */,
			);
			name = CONTROLLER;
			sourceTree = "<group>";
		};
		A61BD72D1BD64D1B00D4FD96 /* VIEW */ = {
			isa = PBXGroup;
			children = (
				A6C004D61B73852F001BE561 /* Vmoments.h */,
				A6C004D71B73852F001BE561 /* Vmoments.m */,
			);
			name = VIEW;
			sourceTree = "<group>";
		};
		A61BD72E1BD64D1F00D4FD96 /* MODEL */ = {
			isa = PBXGroup;
			children = (
				A6C004D31B7382B4001BE561 /* Mmoments.h */,
				A6C004D41B7382B4001BE561 /* Mmoments.m */,
			);
			name = MODEL;
			sourceTree = "<group>";
		};
		A61BD72F1BD64D2300D4FD96 /* Controller */ = {
			isa = PBXGroup;
			children = (
				A69C06181D57478C00CD2651 /* WeChat */,
				A6CB62E31D561EF200136AB1 /* Contacts */,
				A6CB62BD1D5582E400136AB1 /* Discover */,
				A67A02551D54855A00E65107 /* Mine */,
			);
			name = Controller;
			sourceTree = "<group>";
		};
		A61BD7311BD64D2D00D4FD96 /* Model */ = {
			isa = PBXGroup;
			children = (
				A69C06191D57498E00CD2651 /* MSPContactChatModel.h */,
				A69C061A1D57498E00CD2651 /* MSPContactChatModel.m */,
				A67A02431D547A1700E65107 /* MSPPersonalInformationModel.h */,
				A67A02441D547A1700E65107 /* MSPPersonalInformationModel.m */,
				A6CB62C11D55857900136AB1 /* MSPContactModel.h */,
				A6CB62C21D55857900136AB1 /* MSPContactModel.m */,
				A6F925061D5833DC00940FBF /* MSPChatModel.h */,
				A6F925071D5833DC00940FBF /* MSPChatModel.m */,
			);
			name = Model;
			sourceTree = "<group>";
		};
		A65763321D5DC68B002F98A2 /* Old Code */ = {
			isa = PBXGroup;
			children = (
				A6FFB5501BD3DBE5007FCB7C /* VFriendsMoments.h */,
				A6FFB5511BD3DBE5007FCB7C /* VFriendsMoments.m */,
				A6FFB54D1BD3DB99007FCB7C /* MFriendsMoments.h */,
				A6FFB54E1BD3DB99007FCB7C /* MFriendsMoments.m */,
				A6FFB5531BD3DC26007FCB7C /* CFriendsMoments.h */,
				A6FFB5541BD3DC26007FCB7C /* CFriendsMoments.m */,
				A65469161B6D2AFD000C344E /* groupChatViewController.h */,
				A65469171B6D2AFD000C344E /* groupChatViewController.m */,
				A65469191B6D2F5A000C344E /* tagViewController.h */,
				A654691A1B6D2F5A000C344E /* tagViewController.m */,
				A6C530B81B6DB3C30000CB82 /* publicViewController.h */,
				A6C530B91B6DB3C30000CB82 /* publicViewController.m */,
				A6C530BB1B6DC3210000CB82 /* searchPublicViewController.h */,
				A6C530BC1B6DC3210000CB82 /* searchPublicViewController.m */,
				A618DDEB1BD86A5F00400218 /* MYTabBar.h */,
				A618DDEC1BD86A5F00400218 /* MYTabBar.m */,
			);
			name = "Old Code";
			sourceTree = "<group>";
		};
		A65F58091B778E9C00804531 /* sortChinese */ = {
			isa = PBXGroup;
			children = (
				A65F58161B779D8500804531 /* ChineseString.h */,
				A65F58171B779D8500804531 /* ChineseString.m */,
				A65F58191B779D8F00804531 /* pinyin.c */,
			);
			name = sortChinese;
			sourceTree = "<group>";
		};
		A67A02551D54855A00E65107 /* Mine */ = {
			isa = PBXGroup;
			children = (
				A67A02491D547B0900E65107 /* MSPMineVC.h */,
				A67A024A1D547B0900E65107 /* MSPMineVC.m */,
				A67A02401D5479C900E65107 /* MSPPersonalInfomationVC.h */,
				A67A02411D5479C900E65107 /* MSPPersonalInfomationVC.m */,
				A67A02521D54800900E65107 /* MSPAvatorVC.h */,
				A67A02531D54800900E65107 /* MSPAvatorVC.m */,
				A67A024C1D547D0800E65107 /* MSPRegionSelectVC.h */,
				A67A024D1D547D0800E65107 /* MSPRegionSelectVC.m */,
			);
			name = Mine;
			sourceTree = "<group>";
		};
		A67A02561D54857F00E65107 /* View */ = {
			isa = PBXGroup;
			children = (
				A69C06251D5767CF00CD2651 /* WeChat */,
				A6CB62E41D561EFE00136AB1 /* Contacts */,
				A67A02571D54858A00E65107 /* Mine */,
			);
			name = View;
			sourceTree = "<group>";
		};
		A67A02571D54858A00E65107 /* Mine */ = {
			isa = PBXGroup;
			children = (
				A67A024F1D547F4C00E65107 /* MSPRegionSelectCell.h */,
				A67A02501D547F4C00E65107 /* MSPRegionSelectCell.m */,
				A67A02461D547A6900E65107 /* MSPPersonalInformationCell.h */,
				A67A02471D547A6900E65107 /* MSPPersonalInformationCell.m */,
			);
			name = Mine;
			sourceTree = "<group>";
		};
		A68D97E81B64CA3F0008D926 = {
			isa = PBXGroup;
			children = (
				A68D97F31B64CA3F0008D926 /* weChat */,
				A68D980D1B64CA3F0008D926 /* weChatTests */,
				A68D97F21B64CA3F0008D926 /* Products */,
				EDC6278E95AE8A293EF89E74 /* Frameworks */,
				431938B7D5F233F927A5318D /* Pods */,
			);
			sourceTree = "<group>";
		};
		A68D97F21B64CA3F0008D926 /* Products */ = {
			isa = PBXGroup;
			children = (
				A68D97F11B64CA3F0008D926 /* weChat.app */,
				A68D980A1B64CA3F0008D926 /* weChatTests.xctest */,
			);
			name = Products;
			sourceTree = "<group>";
		};
		A68D97F31B64CA3F0008D926 /* weChat */ = {
			isa = PBXGroup;
			children = (
				A67A023F1D543D0B00E65107 /* PrefixHeader.pch */,
				A614574D1BD74C56002BFDEA /* Extension */,
				A6CB62C71D55C6EB00136AB1 /* Category */,
				A61BD7211BD64C0D00D4FD96 /* Main */,
				A61BD7311BD64D2D00D4FD96 /* Model */,
				A67A02561D54857F00E65107 /* View */,
				A61BD72F1BD64D2300D4FD96 /* Controller */,
				A61BD7241BD64C8400D4FD96 /* discover */,
				A65763321D5DC68B002F98A2 /* Old Code */,
				A6C004D11B7349FA001BE561 /* gjqt.jpg */,
				A68D97F41B64CA3F0008D926 /* Supporting Files */,
			);
			path = weChat;
			sourceTree = "<group>";
		};
		A68D97F41B64CA3F0008D926 /* Supporting Files */ = {
			isa = PBXGroup;
			children = (
				A68D98011B64CA3F0008D926 /* Images.xcassets */,
				A68D97F51B64CA3F0008D926 /* Info.plist */,
				A68D97F61B64CA3F0008D926 /* main.m */,
				A6C530C91B6E71AD0000CB82 /* moments.plist */,
			);
			name = "Supporting Files";
			sourceTree = "<group>";
		};
		A68D980D1B64CA3F0008D926 /* weChatTests */ = {
			isa = PBXGroup;
			children = (
				A68D980E1B64CA3F0008D926 /* Supporting Files */,
			);
			path = weChatTests;
			sourceTree = "<group>";
		};
		A68D980E1B64CA3F0008D926 /* Supporting Files */ = {
			isa = PBXGroup;
			children = (
				A68D980F1B64CA3F0008D926 /* Info.plist */,
			);
			name = "Supporting Files";
			sourceTree = "<group>";
		};
		A69C06181D57478C00CD2651 /* WeChat */ = {
			isa = PBXGroup;
			children = (
				A69C06151D57471700CD2651 /* MSPChatListVC.h */,
				A69C06161D57471700CD2651 /* MSPChatListVC.m */,
				A69624AE1D5879DF00A38889 /* MSPChatVC.h */,
				A69624AF1D5879DF00A38889 /* MSPChatVC.m */,
			);
			name = WeChat;
			sourceTree = "<group>";
		};
		A69C06251D5767CF00CD2651 /* WeChat */ = {
			isa = PBXGroup;
			children = (
				A69C061C1D575F2100CD2651 /* MSPChatListCell.h */,
				A69C061D1D575F2100CD2651 /* MSPChatListCell.m */,
				A6F925091D5834FD00940FBF /* MSPChatCell.h */,
				A6F9250A1D5834FD00940FBF /* MSPChatCell.m */,
				A631A5321D61E82900803D84 /* MSPPaopaoView.h */,
				A631A5331D61E82900803D84 /* MSPPaopaoView.m */,
				A6F925031D582C0D00940FBF /* MSPInputBar.h */,
				A6F925041D582C0D00940FBF /* MSPInputBar.m */,
				A689C8DB1D5F956A00A6AB48 /* MSPVoiceMessageProgressView.h */,
				A689C8DC1D5F956A00A6AB48 /* MSPVoiceMessageProgressView.m */,
			);
			name = WeChat;
			sourceTree = "<group>";
		};
		A6CB62BD1D5582E400136AB1 /* Discover */ = {
			isa = PBXGroup;
			children = (
				A6CB62BA1D55806400136AB1 /* MSPDiscoverVC.h */,
				A6CB62BB1D55806400136AB1 /* MSPDiscoverVC.m */,
			);
			name = Discover;
			sourceTree = "<group>";
		};
		A6CB62C71D55C6EB00136AB1 /* Category */ = {
			isa = PBXGroup;
			children = (
				A6CB62CB1D55C7E000136AB1 /* UIImage+getImage.h */,
				A6CB62CC1D55C7E000136AB1 /* UIImage+getImage.m */,
				A69C061F1D5760A100CD2651 /* NSString+timeSign.h */,
				A69C06201D5760A100CD2651 /* NSString+timeSign.m */,
				A65635B41D59ADAB0078F656 /* UITextView+MYTextView.h */,
				A65635B51D59ADAB0078F656 /* UITextView+MYTextView.m */,
			);
			name = Category;
			sourceTree = "<group>";
		};
		A6CB62E31D561EF200136AB1 /* Contacts */ = {
			isa = PBXGroup;
			children = (
				A6CB62BE1D55832400136AB1 /* MSPContactsVC.h */,
				A6CB62BF1D55832400136AB1 /* MSPContactsVC.m */,
				A6CB62E51D56214E00136AB1 /* MSPContactInformationVC.h */,
				A6CB62E61D56214E00136AB1 /* MSPContactInformationVC.m */,
				A69C06121D5720AD00CD2651 /* MSPContactsInformationSettingVC.h */,
				A69C06131D5720AD00CD2651 /* MSPContactsInformationSettingVC.m */,
			);
			name = Contacts;
			sourceTree = "<group>";
		};
		A6CB62E41D561EFE00136AB1 /* Contacts */ = {
			isa = PBXGroup;
			children = (
				A6CB62C41D55C57800136AB1 /* MSPContactsCell.h */,
				A6CB62C51D55C57800136AB1 /* MSPContactsCell.m */,
				A69C060C1D56D98400CD2651 /* MSPContactsInformationCell.h */,
				A69C060D1D56D98400CD2651 /* MSPContactsInformationCell.m */,
				A69C060F1D57155400CD2651 /* MSPBinaryButton.h */,
				A69C06101D57155400CD2651 /* MSPBinaryButton.m */,
			);
			name = Contacts;
			sourceTree = "<group>";
		};
		EDC6278E95AE8A293EF89E74 /* Frameworks */ = {
			isa = PBXGroup;
			children = (
				A64693951BE5E39C00A69DFB /* libsqlite3.tbd */,
				A64693931BE5E39500A69DFB /* libsqlite3.0.tbd */,
				A6FA51741BCCC6D600041488 /* MapKit.framework */,
				A6BDB2551BC94B1A00911985 /* AVFoundation.framework */,
				DB385BF373E265DA7D1E58F5 /* libPods-weChat.a */,
			);
			name = Frameworks;
			sourceTree = "<group>";
		};
/* End PBXGroup section */

/* Begin PBXNativeTarget section */
		A68D97F01B64CA3F0008D926 /* weChat */ = {
			isa = PBXNativeTarget;
			buildConfigurationList = A68D98141B64CA3F0008D926 /* Build configuration list for PBXNativeTarget "weChat" */;
			buildPhases = (
				C75895E688B0D15C2C563080 /* [CP] Check Pods Manifest.lock */,
				A68D97ED1B64CA3F0008D926 /* Sources */,
				A68D97EE1B64CA3F0008D926 /* Frameworks */,
				A68D97EF1B64CA3F0008D926 /* Resources */,
				D16CB17CFDB6A9CDD73CF444 /* [CP] Embed Pods Frameworks */,
				BB38041EA9ED51246C61E1F7 /* [CP] Copy Pods Resources */,
			);
			buildRules = (
			);
			dependencies = (
			);
			name = weChat;
			productName = weChat;
			productReference = A68D97F11B64CA3F0008D926 /* weChat.app */;
			productType = "com.apple.product-type.application";
		};
		A68D98091B64CA3F0008D926 /* weChatTests */ = {
			isa = PBXNativeTarget;
			buildConfigurationList = A68D98171B64CA3F0008D926 /* Build configuration list for PBXNativeTarget "weChatTests" */;
			buildPhases = (
				A68D98061B64CA3F0008D926 /* Sources */,
				A68D98071B64CA3F0008D926 /* Frameworks */,
				A68D98081B64CA3F0008D926 /* Resources */,
			);
			buildRules = (
			);
			dependencies = (
				A68D980C1B64CA3F0008D926 /* PBXTargetDependency */,
			);
			name = weChatTests;
			productName = weChatTests;
			productReference = A68D980A1B64CA3F0008D926 /* weChatTests.xctest */;
			productType = "com.apple.product-type.bundle.unit-test";
		};
/* End PBXNativeTarget section */

/* Begin PBXProject section */
		A68D97E91B64CA3F0008D926 /* Project object */ = {
			isa = PBXProject;
			attributes = {
				LastUpgradeCheck = 0700;
				ORGANIZATIONNAME = "尾巴超大号";
				TargetAttributes = {
					A68D97F01B64CA3F0008D926 = {
						CreatedOnToolsVersion = 6.4;
						DevelopmentTeam = 79KP673Q8E;
					};
					A68D98091B64CA3F0008D926 = {
						CreatedOnToolsVersion = 6.4;
						TestTargetID = A68D97F01B64CA3F0008D926;
					};
				};
			};
			buildConfigurationList = A68D97EC1B64CA3F0008D926 /* Build configuration list for PBXProject "weChat" */;
			compatibilityVersion = "Xcode 3.2";
			developmentRegion = English;
			hasScannedForEncodings = 0;
			knownRegions = (
				en,
				Base,
			);
			mainGroup = A68D97E81B64CA3F0008D926;
			productRefGroup = A68D97F21B64CA3F0008D926 /* Products */;
			projectDirPath = "";
			projectRoot = "";
			targets = (
				A68D97F01B64CA3F0008D926 /* weChat */,
				A68D98091B64CA3F0008D926 /* weChatTests */,
			);
		};
/* End PBXProject section */

/* Begin PBXResourcesBuildPhase section */
		A68D97EF1B64CA3F0008D926 /* Resources */ = {
			isa = PBXResourcesBuildPhase;
			buildActionMask = 2147483647;
			files = (
				A6C530CA1B6E71AD0000CB82 /* moments.plist in Resources */,
				A6C004D21B7349FA001BE561 /* gjqt.jpg in Resources */,
				A68D98021B64CA3F0008D926 /* Images.xcassets in Resources */,
			);
			runOnlyForDeploymentPostprocessing = 0;
		};
		A68D98081B64CA3F0008D926 /* Resources */ = {
			isa = PBXResourcesBuildPhase;
			buildActionMask = 2147483647;
			files = (
			);
			runOnlyForDeploymentPostprocessing = 0;
		};
/* End PBXResourcesBuildPhase section */

/* Begin PBXShellScriptBuildPhase section */
		BB38041EA9ED51246C61E1F7 /* [CP] Copy Pods Resources */ = {
			isa = PBXShellScriptBuildPhase;
			buildActionMask = 2147483647;
			files = (
			);
			inputPaths = (
			);
			name = "[CP] Copy Pods Resources";
			outputPaths = (
			);
			runOnlyForDeploymentPostprocessing = 0;
			shellPath = /bin/sh;
			shellScript = "\"${SRCROOT}/Pods/Target Support Files/Pods-weChat/Pods-weChat-resources.sh\"\n";
			showEnvVarsInLog = 0;
		};
		C75895E688B0D15C2C563080 /* [CP] Check Pods Manifest.lock */ = {
			isa = PBXShellScriptBuildPhase;
			buildActionMask = 2147483647;
			files = (
			);
			inputPaths = (
			);
			name = "[CP] Check Pods Manifest.lock";
			outputPaths = (
			);
			runOnlyForDeploymentPostprocessing = 0;
			shellPath = /bin/sh;
			shellScript = "diff \"${PODS_ROOT}/../Podfile.lock\" \"${PODS_ROOT}/Manifest.lock\" > /dev/null\nif [[ $? != 0 ]] ; then\n    cat << EOM\nerror: The sandbox is not in sync with the Podfile.lock. Run 'pod install' or update your CocoaPods installation.\nEOM\n    exit 1\nfi\n";
			showEnvVarsInLog = 0;
		};
		D16CB17CFDB6A9CDD73CF444 /* [CP] Embed Pods Frameworks */ = {
			isa = PBXShellScriptBuildPhase;
			buildActionMask = 2147483647;
			files = (
			);
			inputPaths = (
			);
			name = "[CP] Embed Pods Frameworks";
			outputPaths = (
			);
			runOnlyForDeploymentPostprocessing = 0;
			shellPath = /bin/sh;
			shellScript = "\"${SRCROOT}/Pods/Target Support Files/Pods-weChat/Pods-weChat-frameworks.sh\"\n";
			showEnvVarsInLog = 0;
		};
/* End PBXShellScriptBuildPhase section */

/* Begin PBXSourcesBuildPhase section */
		A68D97ED1B64CA3F0008D926 /* Sources */ = {
			isa = PBXSourcesBuildPhase;
			buildActionMask = 2147483647;
			files = (
				A65F581A1B779D8F00804531 /* pinyin.c in Sources */,
				A6CB62C61D55C57800136AB1 /* MSPContactsCell.m in Sources */,
				A67A02421D5479C900E65107 /* MSPPersonalInfomationVC.m in Sources */,
				A6CB62E71D56214E00136AB1 /* MSPContactInformationVC.m in Sources */,
				A6F9250B1D5834FD00940FBF /* MSPChatCell.m in Sources */,
				A6CB62CD1D55C7E000136AB1 /* UIImage+getImage.m in Sources */,
				A6CB62C01D55832400136AB1 /* MSPContactsVC.m in Sources */,
				A6F925051D582C0D00940FBF /* MSPInputBar.m in Sources */,
				A67A02541D54800900E65107 /* MSPAvatorVC.m in Sources */,
				A6F925081D5833DC00940FBF /* MSPChatModel.m in Sources */,
				A6C004D81B73852F001BE561 /* Vmoments.m in Sources */,
				A65469181B6D2AFD000C344E /* groupChatViewController.m in Sources */,
				A68D97FA1B64CA3F0008D926 /* AppDelegate.m in Sources */,
				A69C06211D5760A100CD2651 /* NSString+timeSign.m in Sources */,
				A68D97F71B64CA3F0008D926 /* main.m in Sources */,
				A6FFB54F1BD3DB99007FCB7C /* MFriendsMoments.m in Sources */,
				A6CB62BC1D55806400136AB1 /* MSPDiscoverVC.m in Sources */,
				A67A024E1D547D0800E65107 /* MSPRegionSelectVC.m in Sources */,
				A6C530BD1B6DC3210000CB82 /* searchPublicViewController.m in Sources */,
				A61BD7341BD650F700D4FD96 /* MYTool.m in Sources */,
				A65F58181B779D8500804531 /* ChineseString.m in Sources */,
				A6CB62C31D55857900136AB1 /* MSPContactModel.m in Sources */,
				A654691B1B6D2F5A000C344E /* tagViewController.m in Sources */,
				A65635B61D59ADAB0078F656 /* UITextView+MYTextView.m in Sources */,
				A61BD71D1BD61FFB00D4FD96 /* UIView+Extension.m in Sources */,
				A69C06171D57471700CD2651 /* MSPChatListVC.m in Sources */,
				A6E4C6061B65126900A2536E /* MainViewController.m in Sources */,
				A6FFB5551BD3DC26007FCB7C /* CFriendsMoments.m in Sources */,
				A69624B01D5879DF00A38889 /* MSPChatVC.m in Sources */,
				A61457531BD75C75002BFDEA /* MoreFunctionTableViewController.m in Sources */,
				A61BD73F1BD6583400D4FD96 /* UIBarButtonItem+Extension.m in Sources */,
				A61457561BD778D7002BFDEA /* MoreMenuTableViewCell.m in Sources */,
				A6C004D51B7382B4001BE561 /* Mmoments.m in Sources */,
				A689C8DD1D5F956A00A6AB48 /* MSPVoiceMessageProgressView.m in Sources */,
				A67C632B1BE48BAB00E42769 /* UIImage+Extension.m in Sources */,
				A67A02511D547F4C00E65107 /* MSPRegionSelectCell.m in Sources */,
				A631A5341D61E82900803D84 /* MSPPaopaoView.m in Sources */,
				A6C004DB1B7396AA001BE561 /* Cmoments.m in Sources */,
				A69C061B1D57498E00CD2651 /* MSPContactChatModel.m in Sources */,
				A69C060E1D56D98400CD2651 /* MSPContactsInformationCell.m in Sources */,
				A61BD7201BD649F500D4FD96 /* MYNavigationController.m in Sources */,
				A6FFB5521BD3DBE5007FCB7C /* VFriendsMoments.m in Sources */,
				A618DDED1BD86A5F00400218 /* MYTabBar.m in Sources */,
				A69C061E1D575F2100CD2651 /* MSPChatListCell.m in Sources */,
				A6C530BA1B6DB3C30000CB82 /* publicViewController.m in Sources */,
				A67A02451D547A1700E65107 /* MSPPersonalInformationModel.m in Sources */,
				A67A024B1D547B0900E65107 /* MSPMineVC.m in Sources */,
				A61457501BD74C8A002BFDEA /* MYMoreMenu.m in Sources */,
				A67A02481D547A6900E65107 /* MSPPersonalInformationCell.m in Sources */,
				A69C06111D57155400CD2651 /* MSPBinaryButton.m in Sources */,
				A69C06141D5720AD00CD2651 /* MSPContactsInformationSettingVC.m in Sources */,
			);
			runOnlyForDeploymentPostprocessing = 0;
		};
		A68D98061B64CA3F0008D926 /* Sources */ = {
			isa = PBXSourcesBuildPhase;
			buildActionMask = 2147483647;
			files = (
			);
			runOnlyForDeploymentPostprocessing = 0;
		};
/* End PBXSourcesBuildPhase section */

/* Begin PBXTargetDependency section */
		A68D980C1B64CA3F0008D926 /* PBXTargetDependency */ = {
			isa = PBXTargetDependency;
			target = A68D97F01B64CA3F0008D926 /* weChat */;
			targetProxy = A68D980B1B64CA3F0008D926 /* PBXContainerItemProxy */;
		};
/* End PBXTargetDependency section */

/* Begin XCBuildConfiguration section */
		A68D98121B64CA3F0008D926 /* Debug */ = {
			isa = XCBuildConfiguration;
			buildSettings = {
				ALWAYS_SEARCH_USER_PATHS = NO;
				CLANG_CXX_LANGUAGE_STANDARD = "gnu++0x";
				CLANG_CXX_LIBRARY = "libc++";
				CLANG_ENABLE_MODULES = YES;
				CLANG_ENABLE_OBJC_ARC = YES;
				CLANG_WARN_BOOL_CONVERSION = YES;
				CLANG_WARN_CONSTANT_CONVERSION = YES;
				CLANG_WARN_DIRECT_OBJC_ISA_USAGE = YES_ERROR;
				CLANG_WARN_EMPTY_BODY = YES;
				CLANG_WARN_ENUM_CONVERSION = YES;
				CLANG_WARN_INT_CONVERSION = YES;
				CLANG_WARN_OBJC_ROOT_CLASS = YES_ERROR;
				CLANG_WARN_UNREACHABLE_CODE = YES;
				CLANG_WARN__DUPLICATE_METHOD_MATCH = YES;
				"CODE_SIGN_IDENTITY[sdk=iphoneos*]" = "iPhone Developer";
				COPY_PHASE_STRIP = NO;
				DEBUG_INFORMATION_FORMAT = "dwarf-with-dsym";
				ENABLE_STRICT_OBJC_MSGSEND = YES;
				ENABLE_TESTABILITY = YES;
				GCC_C_LANGUAGE_STANDARD = gnu99;
				GCC_DYNAMIC_NO_PIC = NO;
				GCC_NO_COMMON_BLOCKS = YES;
				GCC_OPTIMIZATION_LEVEL = 0;
				GCC_PREPROCESSOR_DEFINITIONS = (
					"DEBUG=1",
					"$(inherited)",
				);
				GCC_SYMBOLS_PRIVATE_EXTERN = NO;
				GCC_WARN_64_TO_32_BIT_CONVERSION = YES;
				GCC_WARN_ABOUT_RETURN_TYPE = YES_ERROR;
				GCC_WARN_UNDECLARED_SELECTOR = YES;
				GCC_WARN_UNINITIALIZED_AUTOS = YES_AGGRESSIVE;
				GCC_WARN_UNUSED_FUNCTION = YES;
				GCC_WARN_UNUSED_VARIABLE = YES;
				IPHONEOS_DEPLOYMENT_TARGET = 8.0;
				MTL_ENABLE_DEBUG_INFO = YES;
				ONLY_ACTIVE_ARCH = YES;
				SDKROOT = iphoneos;
			};
			name = Debug;
		};
		A68D98131B64CA3F0008D926 /* Release */ = {
			isa = XCBuildConfiguration;
			buildSettings = {
				ALWAYS_SEARCH_USER_PATHS = NO;
				CLANG_CXX_LANGUAGE_STANDARD = "gnu++0x";
				CLANG_CXX_LIBRARY = "libc++";
				CLANG_ENABLE_MODULES = YES;
				CLANG_ENABLE_OBJC_ARC = YES;
				CLANG_WARN_BOOL_CONVERSION = YES;
				CLANG_WARN_CONSTANT_CONVERSION = YES;
				CLANG_WARN_DIRECT_OBJC_ISA_USAGE = YES_ERROR;
				CLANG_WARN_EMPTY_BODY = YES;
				CLANG_WARN_ENUM_CONVERSION = YES;
				CLANG_WARN_INT_CONVERSION = YES;
				CLANG_WARN_OBJC_ROOT_CLASS = YES_ERROR;
				CLANG_WARN_UNREACHABLE_CODE = YES;
				CLANG_WARN__DUPLICATE_METHOD_MATCH = YES;
				"CODE_SIGN_IDENTITY[sdk=iphoneos*]" = "iPhone Developer";
				COPY_PHASE_STRIP = NO;
				DEBUG_INFORMATION_FORMAT = "dwarf-with-dsym";
				ENABLE_NS_ASSERTIONS = NO;
				ENABLE_STRICT_OBJC_MSGSEND = YES;
				GCC_C_LANGUAGE_STANDARD = gnu99;
				GCC_NO_COMMON_BLOCKS = YES;
				GCC_WARN_64_TO_32_BIT_CONVERSION = YES;
				GCC_WARN_ABOUT_RETURN_TYPE = YES_ERROR;
				GCC_WARN_UNDECLARED_SELECTOR = YES;
				GCC_WARN_UNINITIALIZED_AUTOS = YES_AGGRESSIVE;
				GCC_WARN_UNUSED_FUNCTION = YES;
				GCC_WARN_UNUSED_VARIABLE = YES;
				IPHONEOS_DEPLOYMENT_TARGET = 8.0;
				MTL_ENABLE_DEBUG_INFO = NO;
				SDKROOT = iphoneos;
				VALIDATE_PRODUCT = YES;
			};
			name = Release;
		};
		A68D98151B64CA3F0008D926 /* Debug */ = {
			isa = XCBuildConfiguration;
			baseConfigurationReference = FD52B119B547D72C8A7E8CAF /* Pods-weChat.debug.xcconfig */;
			buildSettings = {
				ASSETCATALOG_COMPILER_APPICON_NAME = AppIcon;
				CODE_SIGN_IDENTITY = "iPhone Developer";
				"CODE_SIGN_IDENTITY[sdk=iphoneos*]" = "iPhone Developer";
				FRAMEWORK_SEARCH_PATHS = (
					"$(inherited)",
					"$(PROJECT_DIR)",
				);
				GCC_NO_COMMON_BLOCKS = YES;
				GCC_PRECOMPILE_PREFIX_HEADER = YES;
				GCC_PREFIX_HEADER = /Users/rayesquire/Desktop/MSPWeChat/weChat/PrefixHeader.pch;
				INFOPLIST_FILE = weChat/Info.plist;
				INSTALL_PATH = "";
				LD_RUNPATH_SEARCH_PATHS = "$(inherited) @executable_path/Frameworks";
				PRODUCT_BUNDLE_IDENTIFIER = "rayesquire.$(PRODUCT_NAME:rfc1034identifier)";
				PRODUCT_NAME = "$(TARGET_NAME)";
				PROVISIONING_PROFILE = "";
				SKIP_INSTALL = YES;
			};
			name = Debug;
		};
		A68D98161B64CA3F0008D926 /* Release */ = {
			isa = XCBuildConfiguration;
			baseConfigurationReference = 9CE70BF034BB729477546522 /* Pods-weChat.release.xcconfig */;
			buildSettings = {
				ASSETCATALOG_COMPILER_APPICON_NAME = AppIcon;
				CODE_SIGN_IDENTITY = "iPhone Developer";
				"CODE_SIGN_IDENTITY[sdk=iphoneos*]" = "iPhone Developer";
				FRAMEWORK_SEARCH_PATHS = (
					"$(inherited)",
					"$(PROJECT_DIR)",
				);
				GCC_NO_COMMON_BLOCKS = YES;
				GCC_PRECOMPILE_PREFIX_HEADER = YES;
				GCC_PREFIX_HEADER = /Users/rayesquire/Desktop/MSPWeChat/weChat/PrefixHeader.pch;
				INFOPLIST_FILE = weChat/Info.plist;
				INSTALL_PATH = "";
				LD_RUNPATH_SEARCH_PATHS = "$(inherited) @executable_path/Frameworks";
				PRODUCT_BUNDLE_IDENTIFIER = "rayesquire.$(PRODUCT_NAME:rfc1034identifier)";
				PRODUCT_NAME = "$(TARGET_NAME)";
				PROVISIONING_PROFILE = "";
				SKIP_INSTALL = YES;
			};
			name = Release;
		};
		A68D98181B64CA3F0008D926 /* Debug */ = {
			isa = XCBuildConfiguration;
			buildSettings = {
				BUNDLE_LOADER = "$(TEST_HOST)";
				FRAMEWORK_SEARCH_PATHS = (
					"$(SDKROOT)/Developer/Library/Frameworks",
					"$(inherited)",
				);
				GCC_PREPROCESSOR_DEFINITIONS = (
					"DEBUG=1",
					"$(inherited)",
				);
				INFOPLIST_FILE = weChatTests/Info.plist;
				LD_RUNPATH_SEARCH_PATHS = "$(inherited) @executable_path/Frameworks @loader_path/Frameworks";
				PRODUCT_BUNDLE_IDENTIFIER = "rayesquire.$(PRODUCT_NAME:rfc1034identifier)";
				PRODUCT_NAME = "$(TARGET_NAME)";
				TEST_HOST = "$(BUILT_PRODUCTS_DIR)/weChat.app/weChat";
			};
			name = Debug;
		};
		A68D98191B64CA3F0008D926 /* Release */ = {
			isa = XCBuildConfiguration;
			buildSettings = {
				BUNDLE_LOADER = "$(TEST_HOST)";
				FRAMEWORK_SEARCH_PATHS = (
					"$(SDKROOT)/Developer/Library/Frameworks",
					"$(inherited)",
				);
				INFOPLIST_FILE = weChatTests/Info.plist;
				LD_RUNPATH_SEARCH_PATHS = "$(inherited) @executable_path/Frameworks @loader_path/Frameworks";
				PRODUCT_BUNDLE_IDENTIFIER = "rayesquire.$(PRODUCT_NAME:rfc1034identifier)";
				PRODUCT_NAME = "$(TARGET_NAME)";
				TEST_HOST = "$(BUILT_PRODUCTS_DIR)/weChat.app/weChat";
			};
			name = Release;
		};
/* End XCBuildConfiguration section */

/* Begin XCConfigurationList section */
		A68D97EC1B64CA3F0008D926 /* Build configuration list for PBXProject "weChat" */ = {
			isa = XCConfigurationList;
			buildConfigurations = (
				A68D98121B64CA3F0008D926 /* Debug */,
				A68D98131B64CA3F0008D926 /* Release */,
			);
			defaultConfigurationIsVisible = 0;
			defaultConfigurationName = Release;
		};
		A68D98141B64CA3F0008D926 /* Build configuration list for PBXNativeTarget "weChat" */ = {
			isa = XCConfigurationList;
			buildConfigurations = (
				A68D98151B64CA3F0008D926 /* Debug */,
				A68D98161B64CA3F0008D926 /* Release */,
			);
			defaultConfigurationIsVisible = 0;
			defaultConfigurationName = Release;
		};
		A68D98171B64CA3F0008D926 /* Build configuration list for PBXNativeTarget "weChatTests" */ = {
			isa = XCConfigurationList;
			buildConfigurations = (
				A68D98181B64CA3F0008D926 /* Debug */,
				A68D98191B64CA3F0008D926 /* Release */,
			);
			defaultConfigurationIsVisible = 0;
			defaultConfigurationName = Release;
		};
/* End XCConfigurationList section */
	};
	rootObject = A68D97E91B64CA3F0008D926 /* Project object */;
}
